{
  "projects": [
    {
      "projectId": "seaQhLVS4bbjiGvJJrRwyL",
      "version": "15.0.3",
      "dependencies": {},
      "lang": "js",
      "fileLocks": [
        {
          "assetId": "seaQhLVS4bbjiGvJJrRwyL",
          "type": "projectCss",
          "checksum": "ab04a534eab57db4af8073158aed0a64"
        }
      ],
      "codegenVersion": "0.0.1"
    },
    {
      "projectId": "5q15U6pj6GWNAXQbRPqL8N",
      "version": "latest",
      "dependencies": {
        "seaQhLVS4bbjiGvJJrRwyL": "15.0.3"
      },
      "lang": "js",
      "fileLocks": [
        {
          "type": "globalVariant",
          "assetId": "jb-Dg_CmIjbjAO",
          "checksum": "f395c0bba81e30d864dadba2bbc7bd59"
        },
        {
          "type": "renderModule",
          "assetId": "2AMoMdHJh_pcQ",
          "checksum": "c89908459f9e4ab200ef5ee6dc6f9fbc"
        },
        {
          "type": "cssRules",
          "assetId": "2AMoMdHJh_pcQ",
          "checksum": "c89908459f9e4ab200ef5ee6dc6f9fbc"
        },
        {
          "type": "renderModule",
          "assetId": "Tqa4lUNUUjvJud",
          "checksum": "6473f29970922661b35bdd668c4d30dc"
        },
        {
          "type": "cssRules",
          "assetId": "Tqa4lUNUUjvJud",
          "checksum": "6473f29970922661b35bdd668c4d30dc"
        },
        {
          "type": "renderModule",
          "assetId": "iOaXqQPCiMPQZs",
          "checksum": "726006b2ce368521e9464344c0c422b0"
        },
        {
          "type": "cssRules",
          "assetId": "iOaXqQPCiMPQZs",
          "checksum": "726006b2ce368521e9464344c0c422b0"
        },
        {
          "type": "renderModule",
          "assetId": "sf4sLGw2KH3oJj",
          "checksum": "292c7cdfad9547d0ec251712cc07502d"
        },
        {
          "type": "cssRules",
          "assetId": "sf4sLGw2KH3oJj",
          "checksum": "292c7cdfad9547d0ec251712cc07502d"
        },
        {
          "type": "renderModule",
          "assetId": "udqVNLWWFlRfv7",
          "checksum": "47ce3087db1e2145d7cdc6342cbfbc57"
        },
        {
          "type": "cssRules",
          "assetId": "udqVNLWWFlRfv7",
          "checksum": "47ce3087db1e2145d7cdc6342cbfbc57"
        },
        {
          "type": "renderModule",
          "assetId": "XI-kT7eTd9OxD9",
          "checksum": "14440089a89b6aa941df5b92400ce1c9"
        },
        {
          "type": "cssRules",
          "assetId": "XI-kT7eTd9OxD9",
          "checksum": "14440089a89b6aa941df5b92400ce1c9"
        },
        {
          "type": "renderModule",
          "assetId": "nWbDFCoLl4S-Ni",
          "checksum": "6ac4ea26b835dbf782695ec5d340236d"
        },
        {
          "type": "cssRules",
          "assetId": "nWbDFCoLl4S-Ni",
          "checksum": "6ac4ea26b835dbf782695ec5d340236d"
        },
        {
          "type": "renderModule",
          "assetId": "ZLul_XgOIZkrwu",
          "checksum": "6638d022be644a86e9c10cadc70d7cac"
        },
        {
          "type": "cssRules",
          "assetId": "ZLul_XgOIZkrwu",
          "checksum": "6638d022be644a86e9c10cadc70d7cac"
        },
        {
          "type": "renderModule",
          "assetId": "lItlBqPfSO9Gym",
          "checksum": "6fa0ea385313484263ed816d434e38c5"
        },
        {
          "type": "cssRules",
          "assetId": "lItlBqPfSO9Gym",
          "checksum": "6fa0ea385313484263ed816d434e38c5"
        },
        {
          "type": "renderModule",
          "assetId": "NvpN0MWPJ3NI77",
          "checksum": "8eb9d24e5804cf23be6fd4cd3c7ca6f3"
        },
        {
          "type": "cssRules",
          "assetId": "NvpN0MWPJ3NI77",
          "checksum": "8eb9d24e5804cf23be6fd4cd3c7ca6f3"
        },
        {
          "type": "renderModule",
          "assetId": "mCrbmCCRai83kQ",
          "checksum": "f1636cf849145e98d3fbd2f17dead49a"
        },
        {
          "type": "cssRules",
          "assetId": "mCrbmCCRai83kQ",
          "checksum": "f1636cf849145e98d3fbd2f17dead49a"
        },
        {
          "type": "renderModule",
          "assetId": "6Bx7sb9adCCdBw",
          "checksum": "b5a718d26164ebca82ddc55ef9970d2c"
        },
        {
          "type": "cssRules",
          "assetId": "6Bx7sb9adCCdBw",
          "checksum": "b5a718d26164ebca82ddc55ef9970d2c"
        },
        {
          "type": "renderModule",
          "assetId": "5ms9WSSiRNZ1YI",
          "checksum": "fa4f90531c162c3885b9fed79d6d3f7e"
        },
        {
          "type": "cssRules",
          "assetId": "5ms9WSSiRNZ1YI",
          "checksum": "fa4f90531c162c3885b9fed79d6d3f7e"
        },
        {
          "type": "renderModule",
          "assetId": "aA_41EMG4E7ciu",
          "checksum": "7deeb25802e59dd92e64a81934f0be7b"
        },
        {
          "type": "cssRules",
          "assetId": "aA_41EMG4E7ciu",
          "checksum": "7deeb25802e59dd92e64a81934f0be7b"
        },
        {
          "type": "renderModule",
          "assetId": "hmruqXefswNpdJ",
          "checksum": "b8bf142ba540b3f20eaf294c798eab30"
        },
        {
          "type": "cssRules",
          "assetId": "hmruqXefswNpdJ",
          "checksum": "b8bf142ba540b3f20eaf294c798eab30"
        },
        {
          "type": "renderModule",
          "assetId": "f__MZu6MIckH9W",
          "checksum": "1768372d6d9c5b4365c27fc9282b502e"
        },
        {
          "type": "cssRules",
          "assetId": "f__MZu6MIckH9W",
          "checksum": "1768372d6d9c5b4365c27fc9282b502e"
        },
        {
          "type": "renderModule",
          "assetId": "46iHZZnkQjDAyb",
          "checksum": "13494fe63909edb69826628639421d36"
        },
        {
          "type": "cssRules",
          "assetId": "46iHZZnkQjDAyb",
          "checksum": "13494fe63909edb69826628639421d36"
        },
        {
          "type": "renderModule",
          "assetId": "i5i2W8acHYbdab",
          "checksum": "76e502ae4dedf5b4a7752a66e2acc196"
        },
        {
          "type": "cssRules",
          "assetId": "i5i2W8acHYbdab",
          "checksum": "76e502ae4dedf5b4a7752a66e2acc196"
        },
        {
          "type": "renderModule",
          "assetId": "xeDZQCvAAvtAGS",
          "checksum": "21128e4acb8b15e0067c978bcbf9dcf3"
        },
        {
          "type": "cssRules",
          "assetId": "xeDZQCvAAvtAGS",
          "checksum": "21128e4acb8b15e0067c978bcbf9dcf3"
        },
        {
          "type": "renderModule",
          "assetId": "1zesAccCv2cQbr",
          "checksum": "78ba4d5338e037bae6ad54ec130d8733"
        },
        {
          "type": "cssRules",
          "assetId": "1zesAccCv2cQbr",
          "checksum": "78ba4d5338e037bae6ad54ec130d8733"
        },
        {
          "type": "renderModule",
          "assetId": "nme1wKp3UWMlns",
          "checksum": "19a4ece501add05bd50270e0261621e1"
        },
        {
          "type": "cssRules",
          "assetId": "nme1wKp3UWMlns",
          "checksum": "19a4ece501add05bd50270e0261621e1"
        },
        {
          "type": "icon",
          "assetId": "YFDZ73HQ56hUso",
          "checksum": "8d4570d75bb1bda1fe0f8db2e6954cc6"
        },
        {
          "type": "icon",
          "assetId": "Rdvq1AKf7d2Jxg",
          "checksum": "ab8d8c9be3e9a650570b3889396c98de"
        },
        {
          "type": "icon",
          "assetId": "wtZXH4NGSerBgV",
          "checksum": "6845b88b22f1bd21994876caabaa5116"
        },
        {
          "type": "icon",
          "assetId": "v3G0oYmWj2pocj",
          "checksum": "f64a626b57d39b9c59a17d8e25095d12"
        },
        {
          "type": "icon",
          "assetId": "dYlXYM-gblLxG-",
          "checksum": "e4db8d8bcb8eb0093a03aa473076ed71"
        },
        {
          "type": "icon",
          "assetId": "CcPoISVFeriFr4",
          "checksum": "cb0c2c7d12ee02424054a68c1f723861"
        },
        {
          "type": "icon",
          "assetId": "WBj66-oEiAUpeZ",
          "checksum": "e9f77c65cce4f1089c7ddebfd77eafe8"
        },
        {
          "type": "icon",
          "assetId": "VtSXbOO0HNh8J2",
          "checksum": "7f0c69ef0fc7c1e76314e1291f018b94"
        },
        {
          "type": "icon",
          "assetId": "muVZw-9kxsOmoN",
          "checksum": "a61e95bbf7d9590d910233d91c2a0851"
        },
        {
          "type": "icon",
          "assetId": "H1hPhTwqbg_sNn",
          "checksum": "72eee85f1ab41739eae5c16dc2e9df7a"
        },
        {
          "type": "icon",
          "assetId": "86z2yd8NCGXN3B",
          "checksum": "469735319e2bb030baf8e734d9a3f115"
        },
        {
          "type": "icon",
          "assetId": "_tavsHm6_h8fcQ",
          "checksum": "86d749549465359a3e529e51ec93fe2d"
        },
        {
          "type": "icon",
          "assetId": "wmlbKZ6U-YMQNj",
          "checksum": "af64b4abd4bd100936f093f056c6858b"
        },
        {
          "type": "icon",
          "assetId": "3VR7kLwYAUdvWK",
          "checksum": "9b3cf6e632da4c0a4e78a182d037fcaa"
        },
        {
          "type": "icon",
          "assetId": "szx4Rb2Qt2DOiZ",
          "checksum": "b4e8f3fcf6dc518c9d73400cc468293c"
        },
        {
          "type": "icon",
          "assetId": "dADdr61i3Yo1aT",
          "checksum": "24ea6a53f078a63c9c9670841a45f837"
        },
        {
          "type": "icon",
          "assetId": "auNptaEzEmEqua",
          "checksum": "0691121ad6aa2a86cbebf30ba7127b6a"
        },
        {
          "type": "icon",
          "assetId": "W_6axY8SMWRIq6",
          "checksum": "34e9e671b4c8c5bf578101653b570f3b"
        },
        {
          "type": "icon",
          "assetId": "hw1UXOhbpJtVBO",
          "checksum": "74fe7315db2627c6683d24929970ae79"
        },
        {
          "type": "icon",
          "assetId": "XB3Vrn947VLHKX",
          "checksum": "7264d1aaf0554097a023b37762e71339"
        },
        {
          "type": "icon",
          "assetId": "TCWlJwPBtrnJYe",
          "checksum": "23d58d21f5edad9d6ca0039c9694a1d7"
        },
        {
          "type": "icon",
          "assetId": "L3tTDAeHUbI4RE",
          "checksum": "db3cec05ddfda950aace5784ab5d9e17"
        },
        {
          "type": "icon",
          "assetId": "_Y9-LmYsjrtMDy",
          "checksum": "da47bc05c50ef0377267d6fc1b81ef6a"
        },
        {
          "type": "icon",
          "assetId": "WyaQMuOWH1rm3f",
          "checksum": "ca74757cd86f56eef47e67b96c804755"
        },
        {
          "type": "icon",
          "assetId": "WIySt-Isd5lBNe",
          "checksum": "afca6d6145183c0d6caf3ef10adf8e4c"
        },
        {
          "type": "icon",
          "assetId": "TDOAy6gLZgM9SS",
          "checksum": "71d4936a69288d2431ed541dd988919c"
        },
        {
          "type": "icon",
          "assetId": "s6pHMcBZZOHbwC",
          "checksum": "d50bc75b226b4b4b820b657eb4e4f317"
        },
        {
          "type": "icon",
          "assetId": "koYuJJ6j5hmXLu",
          "checksum": "33d40f332d3dbd4d188841dfab4909bc"
        },
        {
          "type": "icon",
          "assetId": "jwCqZtIkq4avyC",
          "checksum": "b4f56ee03642293d4e3f628bc040de8e"
        },
        {
          "type": "icon",
          "assetId": "1IbsPkO8CZo2wq",
          "checksum": "796e5cfb243c20c0096168b7b726d834"
        },
        {
          "type": "icon",
          "assetId": "FHrOrsWWKi-IP1",
          "checksum": "fdec8325b6cc92a1ce82311a25890b0d"
        },
        {
          "type": "icon",
          "assetId": "ZKBHUBvVWJO7mp",
          "checksum": "3ca322e949b36f858096896ffd089d72"
        },
        {
          "type": "icon",
          "assetId": "4ain4P9UTO7SjB",
          "checksum": "bcb1c09231b6f51fa2b62889e146fc3e"
        },
        {
          "type": "icon",
          "assetId": "HAIrC_7VDw3ike",
          "checksum": "58ab4a1370a60c6657e6326547c4d178"
        },
        {
          "type": "icon",
          "assetId": "xxmlgVNgnurl-7",
          "checksum": "045b1e2dc74dd09ad966f1b3bbf7a4ab"
        },
        {
          "type": "icon",
          "assetId": "OJeXrqhYNSHJzo",
          "checksum": "2660b81bd93da2e25f0fc8163901fa64"
        },
        {
          "type": "icon",
          "assetId": "rUqSAqm4tCwjqV",
          "checksum": "ceb56b44c03766f9537cf8fe46995538"
        },
        {
          "type": "icon",
          "assetId": "jHGmUC853YwV_s",
          "checksum": "67dbc33617688270ad8ba158edac9349"
        },
        {
          "type": "icon",
          "assetId": "xgst88QzNL9f58",
          "checksum": "5666c1de07623117107fc8c79f3608f4"
        },
        {
          "type": "image",
          "assetId": "O4VCDcmhT3MfGb",
          "checksum": "78c65a19a4746e245fa88005e879f47c"
        },
        {
          "type": "image",
          "assetId": "hSfENKNP21netl",
          "checksum": "d893ca82d8d06baf3f1b73932eef9c9d"
        },
        {
          "type": "image",
          "assetId": "eMVgesSk56H0WR",
          "checksum": "39f494d2e1b866af021bcc8b3f8a9d58"
        },
        {
          "type": "image",
          "assetId": "HM0ZGBrHva8aEL",
          "checksum": "84f16b5644da1b1f5207c0885b765ec7"
        },
        {
          "type": "image",
          "assetId": "CcYywsn1JHojGr",
          "checksum": "68eaf1fcc95984004fbf23f6e1759a8e"
        },
        {
          "type": "image",
          "assetId": "gIv2tlEzzpVSVd",
          "checksum": "f272f25f68d5792093a1d42332f87f0a"
        },
        {
          "type": "image",
          "assetId": "KYu-9mdo-856yw",
          "checksum": "c2733cb36986d0495a695a46ac78a898"
        },
        {
          "type": "image",
          "assetId": "-9h-VMD9-QAhZB",
          "checksum": "3f9d2671bf383945ea9d79eed51d8f81"
        },
        {
          "type": "image",
          "assetId": "Bbll209rrFiNW2",
          "checksum": "dfe4970b85eb75093b7b9a4d07149458"
        },
        {
          "type": "image",
          "assetId": "ukid4L5RlB6_Hq",
          "checksum": "477940eed8e9b486afd1bae80e3e3384"
        },
        {
          "type": "image",
          "assetId": "YUj8OYtzpF6rTC",
          "checksum": "ae58ec67a9e20ce0d60240a34cf64ca8"
        },
        {
          "type": "image",
          "assetId": "2P09QudUOZp9P1",
          "checksum": "22f62015b0fb8915e567baa518dc7797"
        },
        {
          "type": "image",
          "assetId": "2yc2j_o4CIHC5w",
          "checksum": "0fff3b737a74c81f9ee5b70d16aa6091"
        },
        {
          "type": "image",
          "assetId": "gUk3hq5UpRlHzm",
          "checksum": "792a921cc316f9add4e35f79ad2091c6"
        },
        {
          "type": "image",
          "assetId": "CNBm6QYjYB0SSN",
          "checksum": "c210b67d11d79964bd8c4490906e8d3d"
        },
        {
          "type": "image",
          "assetId": "eOMYJbIXimYsV9",
          "checksum": "a32c0c81431454b43b97b70d44d97d70"
        },
        {
          "type": "image",
          "assetId": "lptcECoBr37Lh9",
          "checksum": "4c0d7304d38b896f0e283fc1f7b7d5ed"
        },
        {
          "type": "image",
          "assetId": "Xoz1k4ghGydZVo",
          "checksum": "b434c57b60f8535442071327cdc7f12d"
        },
        {
          "type": "image",
          "assetId": "49TuPvL6jT1piY",
          "checksum": "fdead9a2cf714f71e06dd4ed91999604"
        },
        {
          "type": "image",
          "assetId": "jI17pXBnDpFZiM",
          "checksum": "6f1dbf0f8398a9cc914099b1e5f0bdda"
        },
        {
          "type": "image",
          "assetId": "rR6d8FzEv2_blW",
          "checksum": "d5d3cf3e563c2f0bb1b0f8e340b81a2f"
        },
        {
          "type": "image",
          "assetId": "ntn8WujnKA3czI",
          "checksum": "c29b86c07287e16018aa6cf003da1af6"
        },
        {
          "type": "image",
          "assetId": "g6ksNIIqyCNwAV",
          "checksum": "ea8ca4724c7cffe40aa25f544e147214"
        },
        {
          "type": "image",
          "assetId": "KWeiFdE30eYp6j",
          "checksum": "556e33385c18091426229e84f5d6bd1d"
        },
        {
          "type": "image",
          "assetId": "TZBXMZMwUYf3C3",
          "checksum": "84e171a56414e9136f499bff9f1383a5"
        },
        {
          "type": "image",
          "assetId": "m3K2UqAiqxWjJH",
          "checksum": "6c83f99afff523809fcbf144569b6574"
        },
        {
          "type": "image",
          "assetId": "KKFMEPILnkHXpo",
          "checksum": "78eaa805f958b88ab6e57ec4a56c457c"
        },
        {
          "type": "image",
          "assetId": "Z4uvvcNywdVqJU",
          "checksum": "fa78591e4fd948c08a76ba0604259265"
        },
        {
          "type": "image",
          "assetId": "wi4sm3l74CBbBp",
          "checksum": "7a1dbd6b34c6e7a1e27062845c5c5333"
        },
        {
          "type": "image",
          "assetId": "Ui0tTerD7s13Fw",
          "checksum": "25f06fa84a32a077a6508bf72e43f51e"
        },
        {
          "type": "image",
          "assetId": "fwj9l_eAto4O_6",
          "checksum": "159ac7a0029956760f9f34bbe4054946"
        },
        {
          "type": "image",
          "assetId": "SZmhseLi8Y0W-h",
          "checksum": "f933ec863c7ede03a32ac2804a4b6519"
        },
        {
          "type": "image",
          "assetId": "O46QMWrvIFhbom",
          "checksum": "62ab944a3f00b598bb83e754979d217f"
        },
        {
          "type": "image",
          "assetId": "QWqDkr1k0QFzK7",
          "checksum": "167a7bf71b0779d8ab09cae4a451ba11"
        },
        {
          "type": "image",
          "assetId": "g1YcKeAHJZBfTO",
          "checksum": "d7160ad7e391776648dbbdb51898af4f"
        },
        {
          "type": "image",
          "assetId": "Ryjq46de8LO34d",
          "checksum": "c4525abef3ebbe6bff210000799d62f3"
        },
        {
          "type": "image",
          "assetId": "MypUk9NS6wGLVU",
          "checksum": "f9ad3059c12c21005b007ea7bf11f5bb"
        },
        {
          "type": "image",
          "assetId": "vJyL0b2cAR2CFv",
          "checksum": "5fe7baa072c4c547411a52392bad6be3"
        },
        {
          "type": "image",
          "assetId": "0FVHtWDaoX1e9P",
          "checksum": "bb179bdfd4b41ab2f293b2ca758db471"
        },
        {
          "type": "image",
          "assetId": "71vckVSC1WgJ_X",
          "checksum": "0d7342ebd1e01e6e52bd0763c9bb1c93"
        },
        {
          "type": "image",
          "assetId": "31DYvl2GwROs7d",
          "checksum": "707837a974f1aec77cdef16c5facf71f"
        },
        {
          "type": "image",
          "assetId": "s5hNg0WvbbC8Ue",
          "checksum": "a4c68375d9ee927da92d0b4d95f73a6b"
        },
        {
          "type": "image",
          "assetId": "FVsPFWxQeAYae-",
          "checksum": "101c4c533791bf77c896378f11162edf"
        },
        {
          "type": "image",
          "assetId": "pVRKX6sYTT4ngU",
          "checksum": "43aeed122ba28ec1b32ce8c62250f900"
        },
        {
          "type": "image",
          "assetId": "53YGB3MQFVJwsQ",
          "checksum": "f6ee574ac50c17178321eee2df98efa6"
        },
        {
          "type": "image",
          "assetId": "LGeIeuBdtOoSBq",
          "checksum": "15dd7bd5f8951876fb3c8635f0111052"
        },
        {
          "type": "image",
          "assetId": "xSEHKcvPLmvXAz",
          "checksum": "1338ec0610b42b8fd2308f601c5d218c"
        },
        {
          "type": "image",
          "assetId": "7nqdfxDpMNZDnR",
          "checksum": "7cdcef613eb48f81ba3b097ee2e5897f"
        },
        {
          "type": "image",
          "assetId": "I8vYx3KHrCnOwC",
          "checksum": "3a2a70ca801ae4e6047f1c0c8c6b6037"
        },
        {
          "type": "image",
          "assetId": "geK0-DcXYQ8T_G",
          "checksum": "4e945ff0481937629e6c4ba774dc77b2"
        },
        {
          "type": "image",
          "assetId": "6VHb4Blu1g6JGM",
          "checksum": "7f03685fc91925f04a10953548dd5c48"
        },
        {
          "type": "image",
          "assetId": "rGySbxzBaf-95x",
          "checksum": "b5e326a673ac5ca5451f7f56c037b023"
        },
        {
          "type": "image",
          "assetId": "qy2BFNH-bt_WSJ",
          "checksum": "9aae271fd03d85b5d46d1b2cf8a3d804"
        },
        {
          "type": "image",
          "assetId": "_Rue-8kPWmlWcg",
          "checksum": "b459861397abda20acd8788f12f054e8"
        },
        {
          "type": "image",
          "assetId": "FUdU_Hn162TAYE",
          "checksum": "061a25dbdade4d3e1c1f5ea32e21e666"
        },
        {
          "type": "image",
          "assetId": "CCmLrlb2tBVA9q",
          "checksum": "ff8f332084eab87a84abc446e654a339"
        },
        {
          "type": "image",
          "assetId": "dL6mIpr8a4ovKt",
          "checksum": "721952135ffcd80015c26b7e73b0c301"
        },
        {
          "type": "image",
          "assetId": "J30uau6Kp3-ZS6",
          "checksum": "a0cd404129741b7e782aba058c4e7ead"
        },
        {
          "type": "image",
          "assetId": "dqteE2Gcse8A6x",
          "checksum": "dde830044c444f58b2d00eb8aca7236d"
        },
        {
          "type": "image",
          "assetId": "IKGAoDuLMvrnlj",
          "checksum": "a6942dc28db4557aea90fcdfaf16013b"
        },
        {
          "type": "image",
          "assetId": "OwWDYsBk9GDBcJ",
          "checksum": "56dfca2afa426c3868fc1395fe091336"
        },
        {
          "type": "image",
          "assetId": "Qf4SmoWK0ciSYc",
          "checksum": "34f9b7b5e8e5b122ee608ce482e16753"
        },
        {
          "type": "image",
          "assetId": "y0vIv209gwEipm",
          "checksum": "bd9a4590fac69deb4c92f42335d9e862"
        },
        {
          "type": "image",
          "assetId": "46hOsFubsV-BWy",
          "checksum": "79e44502507f8babf2f0e7ab7756c617"
        },
        {
          "type": "image",
          "assetId": "VL5N0PtQYvutmM",
          "checksum": "405b5759229c9b18d40ca529cb5b2ec4"
        },
        {
          "type": "image",
          "assetId": "GQzv5QLhGLKQEj",
          "checksum": "c3752dc419b4d034f61e6d3ebbeab077"
        },
        {
          "type": "image",
          "assetId": "4oegrxPAafn69F",
          "checksum": "2f5d101d4f28ecaf612dad40a4494152"
        },
        {
          "type": "image",
          "assetId": "0MAQdLfWxpqoWg",
          "checksum": "38177cb060153930dd297b6878da7546"
        },
        {
          "type": "image",
          "assetId": "yjnBicfcDBtYtT",
          "checksum": "51309f4377fc8571db478e5e764e5745"
        },
        {
          "assetId": "5q15U6pj6GWNAXQbRPqL8N",
          "type": "projectCss",
          "checksum": "c1eba693d53bf14ea4a87c27ea04eef3"
        }
      ],
      "codegenVersion": "0.0.1"
    }
  ],
  "cliVersion": "0.1.248"
}
